
Microsoft Visual Studio Solution File, Format Version 12.00
# Visual Studio Version 16
VisualStudioVersion = 16.0.30524.135
MinimumVisualStudioVersion = 10.0.40219.1
Project("{9A19103F-16F7-4668-BE54-9A1E7A4F7556}") = "XE.Dottor.BlazorWebApp", "XE.Dottor.BlazorWebApp\XE.Dottor.BlazorWebApp.csproj", "{318654DF-D64E-4D7F-877E-ED8AC09CE0F1}"
EndProject
Project("{9A19103F-16F7-4668-BE54-9A1E7A4F7556}") = "XE.Dottor.ApplicationCore", "XE.Dottor.ApplicationCore\XE.Dottor.ApplicationCore.csproj", "{0B330718-3220-4F5C-87FA-64031696F681}"
EndProject
Project("{FAE04EC0-301F-11D3-BF4B-00C04F79EFBC}") = "XE.Dottor.RazorPagesApp", "XE.Dottor.RazorPagesApp\XE.Dottor.RazorPagesApp.csproj", "{54ED501C-02A1-41A8-81FB-1BBD1B4D978B}"
EndProject
Project("{2150E333-8FDC-42A3-9474-1A3956D46DE8}") = "Solution Items", "Solution Items", "{9256822E-9B60-45EC-A9BE-35C5598E41BA}"
	ProjectSection(SolutionItems) = preProject
		.gitattributes = .gitattributes
		.gitignore = .gitignore
		README.md = README.md
	EndProjectSection
EndProject
Global
	GlobalSection(SolutionConfigurationPlatforms) = preSolution
		Debug|Any CPU = Debug|Any CPU
		Release|Any CPU = Release|Any CPU
	EndGlobalSection
	GlobalSection(ProjectConfigurationPlatforms) = postSolution
		{318654DF-D64E-4D7F-877E-ED8AC09CE0F1}.Debug|Any CPU.ActiveCfg = Debug|Any CPU
		{318654DF-D64E-4D7F-877E-ED8AC09CE0F1}.Debug|Any CPU.Build.0 = Debug|Any CPU
		{318654DF-D64E-4D7F-877E-ED8AC09CE0F1}.Release|Any CPU.ActiveCfg = Release|Any CPU
		{318654DF-D64E-4D7F-877E-ED8AC09CE0F1}.Release|Any CPU.Build.0 = Release|Any CPU
		{0B330718-3220-4F5C-87FA-64031696F681}.Debug|Any CPU.ActiveCfg = Debug|Any CPU
		{0B330718-3220-4F5C-87FA-64031696F681}.Debug|Any CPU.Build.0 = Debug|Any CPU
		{0B330718-3220-4F5C-87FA-64031696F681}.Release|Any CPU.ActiveCfg = Release|Any CPU
		{0B330718-3220-4F5C-87FA-64031696F681}.Release|Any CPU.Build.0 = Release|Any CPU
		{54ED501C-02A1-41A8-81FB-1BBD1B4D978B}.Debug|Any CPU.ActiveCfg = Debug|Any CPU
		{54ED501C-02A1-41A8-81FB-1BBD1B4D978B}.Debug|Any CPU.Build.0 = Debug|Any CPU
		{54ED501C-02A1-41A8-81FB-1BBD1B4D978B}.Release|Any CPU.ActiveCfg = Release|Any CPU
		{54ED501C-02A1-41A8-81FB-1BBD1B4D978B}.Release|Any CPU.Build.0 = Release|Any CPU
	EndGlobalSection
	GlobalSection(SolutionProperties) = preSolution
		HideSolutionNode = FALSE
	EndGlobalSection
	GlobalSection(ExtensibilityGlobals) = postSolution
		SolutionGuid = {560C8955-DF70-4931-AF24-9FB0A833BC38}
	EndGlobalSection
EndGlobal
